
Microsoft Visual Studio Solution File, Format Version 12.00
# Visual Studio Version 17
VisualStudioVersion = 17.1.31911.260
MinimumVisualStudioVersion = 10.0.40219.1
Project("{2150E333-8FDC-42A3-9474-1A3956D46DE8}") = "src", "src", "{9BD50919-76C1-424C-BD98-F870E6DE8903}"
EndProject
Project("{2150E333-8FDC-42A3-9474-1A3956D46DE8}") = "test", "test", "{E3A2F609-5E85-4740-8899-6A2B777BE31B}"
EndProject
Project("{2150E333-8FDC-42A3-9474-1A3956D46DE8}") = "build", "build", "{1A8779C7-3B84-405C-86D7-F000E5EA9AD8}"
	ProjectSection(SolutionItems) = preProject
		CHANGE_LOG.md = CHANGE_LOG.md
		global.json = global.json
		build\props\Package.props = build\props\Package.props
		.github\package_version.env = .github\package_version.env
		README.md = README.md
		build\props\Test.props = build\props\Test.props
	EndProjectSection
EndProject
Project("{9A19103F-16F7-4668-BE54-9A1E7A4F7556}") = "OneImlx.Terminal", "src\OneImlx.Terminal\OneImlx.Terminal.csproj", "{D75F42D7-E0CF-4CEB-8E94-80611FA81868}"
EndProject
Project("{9A19103F-16F7-4668-BE54-9A1E7A4F7556}") = "OneImlx.Terminal.Authentication", "src\OneImlx.Terminal.Authentication\OneImlx.Terminal.Authentication.csproj", "{3CD01797-9179-4CBA-BBDF-DF2BB9E6AA99}"
EndProject
Project("{9A19103F-16F7-4668-BE54-9A1E7A4F7556}") = "OneImlx.Terminal.Tests", "test\OneImlx.Terminal.Tests\OneImlx.Terminal.Tests.csproj", "{8611DACD-C82F-4B81-A332-A0392F9A1148}"
EndProject
Project("{9A19103F-16F7-4668-BE54-9A1E7A4F7556}") = "OneImlx.Terminal.DependentAssembly", "test\OneImlx.Terminal.DependentAssembly\OneImlx.Terminal.DependentAssembly.csproj", "{A2BC6DF8-6165-426D-84B5-5783D0A63377}"
EndProject
Project("{9A19103F-16F7-4668-BE54-9A1E7A4F7556}") = "OneImlx.Terminal.Authentication.Tests", "test\OneImlx.Terminal.Authentication.Tests\OneImlx.Terminal.Authentication.Tests.csproj", "{519A35B8-EF39-4E69-B264-4CB5B37B8E10}"
EndProject
Project("{2150E333-8FDC-42A3-9474-1A3956D46DE8}") = "apps", "apps", "{9DA2C1B8-6509-4008-81D7-62B319B8E1ED}"
EndProject
Project("{2150E333-8FDC-42A3-9474-1A3956D46DE8}") = "cli", "cli", "{BB24DD82-0FB1-430A-919D-3D101EF24AA0}"
EndProject
Project("{9A19103F-16F7-4668-BE54-9A1E7A4F7556}") = "TestApp", "apps\cli\TestApp\TestApp.csproj", "{F2F0CDAC-75AE-4FF9-BB1A-AEFAC0C8DD5E}"
EndProject
Project("{2150E333-8FDC-42A3-9474-1A3956D46DE8}") = "s2s", "s2s", "{EDC7897D-1BC2-43A9-9DF3-677AA321ADF1}"
EndProject
Project("{9A19103F-16F7-4668-BE54-9A1E7A4F7556}") = "TestServer", "apps\s2s\TestServer\TestServer.csproj", "{3E0020F6-02C5-45EE-A125-F0F7342C9B3F}"
EndProject
Project("{9A19103F-16F7-4668-BE54-9A1E7A4F7556}") = "TestClient", "apps\s2s\TestClient\TestClient.csproj", "{CB126404-9774-4C78-98A3-A67915D2329B}"
EndProject
Global
	GlobalSection(SolutionConfigurationPlatforms) = preSolution
		Debug|Any CPU = Debug|Any CPU
		Release|Any CPU = Release|Any CPU
	EndGlobalSection
	GlobalSection(ProjectConfigurationPlatforms) = postSolution
		{D75F42D7-E0CF-4CEB-8E94-80611FA81868}.Debug|Any CPU.ActiveCfg = Debug|Any CPU
		{D75F42D7-E0CF-4CEB-8E94-80611FA81868}.Debug|Any CPU.Build.0 = Debug|Any CPU
		{D75F42D7-E0CF-4CEB-8E94-80611FA81868}.Release|Any CPU.ActiveCfg = Release|Any CPU
		{D75F42D7-E0CF-4CEB-8E94-80611FA81868}.Release|Any CPU.Build.0 = Release|Any CPU
		{3CD01797-9179-4CBA-BBDF-DF2BB9E6AA99}.Debug|Any CPU.ActiveCfg = Debug|Any CPU
		{3CD01797-9179-4CBA-BBDF-DF2BB9E6AA99}.Debug|Any CPU.Build.0 = Debug|Any CPU
		{3CD01797-9179-4CBA-BBDF-DF2BB9E6AA99}.Release|Any CPU.ActiveCfg = Release|Any CPU
		{3CD01797-9179-4CBA-BBDF-DF2BB9E6AA99}.Release|Any CPU.Build.0 = Release|Any CPU
		{8611DACD-C82F-4B81-A332-A0392F9A1148}.Debug|Any CPU.ActiveCfg = Debug|Any CPU
		{8611DACD-C82F-4B81-A332-A0392F9A1148}.Debug|Any CPU.Build.0 = Debug|Any CPU
		{8611DACD-C82F-4B81-A332-A0392F9A1148}.Release|Any CPU.ActiveCfg = Release|Any CPU
		{8611DACD-C82F-4B81-A332-A0392F9A1148}.Release|Any CPU.Build.0 = Release|Any CPU
		{A2BC6DF8-6165-426D-84B5-5783D0A63377}.Debug|Any CPU.ActiveCfg = Debug|Any CPU
		{A2BC6DF8-6165-426D-84B5-5783D0A63377}.Debug|Any CPU.Build.0 = Debug|Any CPU
		{A2BC6DF8-6165-426D-84B5-5783D0A63377}.Release|Any CPU.ActiveCfg = Release|Any CPU
		{A2BC6DF8-6165-426D-84B5-5783D0A63377}.Release|Any CPU.Build.0 = Release|Any CPU
		{519A35B8-EF39-4E69-B264-4CB5B37B8E10}.Debug|Any CPU.ActiveCfg = Debug|Any CPU
		{519A35B8-EF39-4E69-B264-4CB5B37B8E10}.Debug|Any CPU.Build.0 = Debug|Any CPU
		{519A35B8-EF39-4E69-B264-4CB5B37B8E10}.Release|Any CPU.ActiveCfg = Release|Any CPU
		{519A35B8-EF39-4E69-B264-4CB5B37B8E10}.Release|Any CPU.Build.0 = Release|Any CPU
		{F2F0CDAC-75AE-4FF9-BB1A-AEFAC0C8DD5E}.Debug|Any CPU.ActiveCfg = Debug|Any CPU
		{F2F0CDAC-75AE-4FF9-BB1A-AEFAC0C8DD5E}.Debug|Any CPU.Build.0 = Debug|Any CPU
		{F2F0CDAC-75AE-4FF9-BB1A-AEFAC0C8DD5E}.Release|Any CPU.ActiveCfg = Release|Any CPU
		{F2F0CDAC-75AE-4FF9-BB1A-AEFAC0C8DD5E}.Release|Any CPU.Build.0 = Release|Any CPU
		{3E0020F6-02C5-45EE-A125-F0F7342C9B3F}.Debug|Any CPU.ActiveCfg = Debug|Any CPU
		{3E0020F6-02C5-45EE-A125-F0F7342C9B3F}.Debug|Any CPU.Build.0 = Debug|Any CPU
		{3E0020F6-02C5-45EE-A125-F0F7342C9B3F}.Release|Any CPU.ActiveCfg = Release|Any CPU
		{3E0020F6-02C5-45EE-A125-F0F7342C9B3F}.Release|Any CPU.Build.0 = Release|Any CPU
		{CB126404-9774-4C78-98A3-A67915D2329B}.Debug|Any CPU.ActiveCfg = Debug|Any CPU
		{CB126404-9774-4C78-98A3-A67915D2329B}.Debug|Any CPU.Build.0 = Debug|Any CPU
		{CB126404-9774-4C78-98A3-A67915D2329B}.Release|Any CPU.ActiveCfg = Release|Any CPU
		{CB126404-9774-4C78-98A3-A67915D2329B}.Release|Any CPU.Build.0 = Release|Any CPU
	EndGlobalSection
	GlobalSection(SolutionProperties) = preSolution
		HideSolutionNode = FALSE
	EndGlobalSection
	GlobalSection(NestedProjects) = preSolution
		{D75F42D7-E0CF-4CEB-8E94-80611FA81868} = {9BD50919-76C1-424C-BD98-F870E6DE8903}
		{3CD01797-9179-4CBA-BBDF-DF2BB9E6AA99} = {9BD50919-76C1-424C-BD98-F870E6DE8903}
		{8611DACD-C82F-4B81-A332-A0392F9A1148} = {E3A2F609-5E85-4740-8899-6A2B777BE31B}
		{A2BC6DF8-6165-426D-84B5-5783D0A63377} = {E3A2F609-5E85-4740-8899-6A2B777BE31B}
		{519A35B8-EF39-4E69-B264-4CB5B37B8E10} = {E3A2F609-5E85-4740-8899-6A2B777BE31B}
		{BB24DD82-0FB1-430A-919D-3D101EF24AA0} = {9DA2C1B8-6509-4008-81D7-62B319B8E1ED}
		{F2F0CDAC-75AE-4FF9-BB1A-AEFAC0C8DD5E} = {BB24DD82-0FB1-430A-919D-3D101EF24AA0}
		{EDC7897D-1BC2-43A9-9DF3-677AA321ADF1} = {9DA2C1B8-6509-4008-81D7-62B319B8E1ED}
		{3E0020F6-02C5-45EE-A125-F0F7342C9B3F} = {EDC7897D-1BC2-43A9-9DF3-677AA321ADF1}
		{CB126404-9774-4C78-98A3-A67915D2329B} = {EDC7897D-1BC2-43A9-9DF3-677AA321ADF1}
	EndGlobalSection
	GlobalSection(ExtensibilityGlobals) = postSolution
		SolutionGuid = {FB18F489-0BCB-4389-AE92-18E7DBEA4818}
	EndGlobalSection
EndGlobal
