
Microsoft Visual Studio Solution File, Format Version 12.00
# Visual Studio Version 17
VisualStudioVersion = 17.1.31911.260
MinimumVisualStudioVersion = 10.0.40219.1
Project("{2150E333-8FDC-42A3-9474-1A3956D46DE8}") = "src", "src", "{9BD50919-76C1-424C-BD98-F870E6DE8903}"
EndProject
Project("{2150E333-8FDC-42A3-9474-1A3956D46DE8}") = "test", "test", "{E3A2F609-5E85-4740-8899-6A2B777BE31B}"
EndProject
Project("{2150E333-8FDC-42A3-9474-1A3956D46DE8}") = "build", "build", "{1A8779C7-3B84-405C-86D7-F000E5EA9AD8}"
	ProjectSection(SolutionItems) = preProject
		ACKNOWLEDGMENTS.md = ACKNOWLEDGMENTS.md
		CHANGE_LOG.md = CHANGE_LOG.md
		build\scripts\coverage.ps1 = build\scripts\coverage.ps1
		global.json = global.json
		nuget.config = nuget.config
		build\props\Package.props = build\props\Package.props
		.github\package_version.env = .github\package_version.env
		README.md = README.md
		build\props\Test.props = build\props\Test.props
	EndProjectSection
EndProject
Project("{9A19103F-16F7-4668-BE54-9A1E7A4F7556}") = "OneImlx.Terminal", "src\OneImlx.Terminal\OneImlx.Terminal.csproj", "{D75F42D7-E0CF-4CEB-8E94-80611FA81868}"
EndProject
Project("{9A19103F-16F7-4668-BE54-9A1E7A4F7556}") = "OneImlx.Terminal.Authentication", "src\OneImlx.Terminal.Authentication\OneImlx.Terminal.Authentication.csproj", "{3CD01797-9179-4CBA-BBDF-DF2BB9E6AA99}"
EndProject
Project("{9A19103F-16F7-4668-BE54-9A1E7A4F7556}") = "OneImlx.Terminal.Tests", "test\OneImlx.Terminal.Tests\OneImlx.Terminal.Tests.csproj", "{8611DACD-C82F-4B81-A332-A0392F9A1148}"
EndProject
Project("{9A19103F-16F7-4668-BE54-9A1E7A4F7556}") = "OneImlx.Terminal.DependentAssembly", "test\OneImlx.Terminal.DependentAssembly\OneImlx.Terminal.DependentAssembly.csproj", "{A2BC6DF8-6165-426D-84B5-5783D0A63377}"
EndProject
Project("{9A19103F-16F7-4668-BE54-9A1E7A4F7556}") = "OneImlx.Terminal.Authentication.Tests", "test\OneImlx.Terminal.Authentication.Tests\OneImlx.Terminal.Authentication.Tests.csproj", "{519A35B8-EF39-4E69-B264-4CB5B37B8E10}"
EndProject
Project("{2150E333-8FDC-42A3-9474-1A3956D46DE8}") = "apps", "apps", "{9DA2C1B8-6509-4008-81D7-62B319B8E1ED}"
EndProject
Project("{2150E333-8FDC-42A3-9474-1A3956D46DE8}") = "cli", "cli", "{BB24DD82-0FB1-430A-919D-3D101EF24AA0}"
EndProject
Project("{9A19103F-16F7-4668-BE54-9A1E7A4F7556}") = "Test", "apps\cli\TestApp\Test.csproj", "{F2F0CDAC-75AE-4FF9-BB1A-AEFAC0C8DD5E}"
EndProject
Project("{2150E333-8FDC-42A3-9474-1A3956D46DE8}") = "s2s", "s2s", "{EDC7897D-1BC2-43A9-9DF3-677AA321ADF1}"
EndProject
Project("{9A19103F-16F7-4668-BE54-9A1E7A4F7556}") = "TestServer", "apps\s2s\TestServer\TestServer.csproj", "{3E0020F6-02C5-45EE-A125-F0F7342C9B3F}"
EndProject
Project("{9A19103F-16F7-4668-BE54-9A1E7A4F7556}") = "TestClient", "apps\s2s\TestClient\TestClient.csproj", "{CB126404-9774-4C78-98A3-A67915D2329B}"
EndProject
Project("{2150E333-8FDC-42A3-9474-1A3956D46DE8}") = "auth", "auth", "{2AC8D527-81F2-4A3B-A88B-7AE8891344FD}"
EndProject
Project("{2150E333-8FDC-42A3-9474-1A3956D46DE8}") = "blazor", "blazor", "{8F39B8A3-3428-4CD0-B73B-D1FD6C03B6DB}"
EndProject
Project("{9A19103F-16F7-4668-BE54-9A1E7A4F7556}") = "TestMsal", "apps\auth\TestMsal\TestMsal.csproj", "{53EAC327-9B4A-427C-8360-256E969EF036}"
EndProject
Project("{9A19103F-16F7-4668-BE54-9A1E7A4F7556}") = "TestServer", "apps\blazor\server\TestServer\TestServer.csproj", "{5CBB796C-3971-4329-9A9A-6BE1F2792608}"
EndProject
Project("{2150E333-8FDC-42A3-9474-1A3956D46DE8}") = "server", "server", "{3DFDF6F0-385E-4002-8FBC-4D104823C6DF}"
EndProject
Project("{2150E333-8FDC-42A3-9474-1A3956D46DE8}") = "wasm", "wasm", "{B4CB05DC-3904-4759-B297-B7AE77A98B15}"
EndProject
Project("{2150E333-8FDC-42A3-9474-1A3956D46DE8}") = "auto", "auto", "{F5CD33F2-9094-443E-9556-C47305B775FA}"
EndProject
Project("{9A19103F-16F7-4668-BE54-9A1E7A4F7556}") = "TestBlazor", "apps\blazor\auto\TestBlazor\TestBlazor.csproj", "{B20762DE-63C0-49CE-AFCC-65CC2C39AD20}"
EndProject
Project("{9A19103F-16F7-4668-BE54-9A1E7A4F7556}") = "TestBlazor.Client", "apps\blazor\auto\TestBlazor.Client\TestBlazor.Client.csproj", "{701BD1F6-EA26-4F41-B077-4428407BBA40}"
EndProject
Project("{9A19103F-16F7-4668-BE54-9A1E7A4F7556}") = "TestWasm", "apps\blazor\wasm\TestWasm\TestWasm.csproj", "{C9A013E8-97B1-470E-A30F-1634DD8F4DEB}"
EndProject
Project("{9A19103F-16F7-4668-BE54-9A1E7A4F7556}") = "OneImlx.Terminal.Client", "src\OneImlx.Terminal.Client\OneImlx.Terminal.Client.csproj", "{243A070F-F038-4072-9C3F-240C2D4C4C85}"
EndProject
Project("{9A19103F-16F7-4668-BE54-9A1E7A4F7556}") = "OneImlx.Terminal.Client.Tests", "test\OneImlx.Terminal.Client.Tests\OneImlx.Terminal.Client.Tests.csproj", "{A48FB407-91B1-4FC5-A2E0-C45517842EB2}"
EndProject
Project("{FAE04EC0-301F-11D3-BF4B-00C04F79EFBC}") = "OneImlx.Terminal.Server", "src\OneImlx.Terminal.Server\OneImlx.Terminal.Server.csproj", "{C897CD50-F692-4B7A-894F-495367A878FC}"
EndProject
Project("{FAE04EC0-301F-11D3-BF4B-00C04F79EFBC}") = "OneImlx.Terminal.Server.Tests", "test\OneImlx.Terminal.Server.Tests\OneImlx.Terminal.Server.Tests.csproj", "{FACD5548-501D-4E29-8932-6110D10222E4}"
EndProject
Project("{FAE04EC0-301F-11D3-BF4B-00C04F79EFBC}") = "OneImlx.Terminal.Shared", "src\OneImlx.Terminal.Shared\OneImlx.Terminal.Shared.csproj", "{1A967022-7558-41A8-B6F9-598ABC41114F}"
EndProject
Project("{FAE04EC0-301F-11D3-BF4B-00C04F79EFBC}") = "OneImlx.Terminal.Shared.Tests", "test\OneImlx.Terminal.Shared.Tests\OneImlx.Terminal.Shared.Tests.csproj", "{3C8CFE66-B177-4643-AFA1-432DC681BC1E}"
EndProject
Global
	GlobalSection(SolutionConfigurationPlatforms) = preSolution
		Debug|Any CPU = Debug|Any CPU
		Release|Any CPU = Release|Any CPU
	EndGlobalSection
	GlobalSection(ProjectConfigurationPlatforms) = postSolution
		{D75F42D7-E0CF-4CEB-8E94-80611FA81868}.Debug|Any CPU.ActiveCfg = Debug|Any CPU
		{D75F42D7-E0CF-4CEB-8E94-80611FA81868}.Debug|Any CPU.Build.0 = Debug|Any CPU
		{D75F42D7-E0CF-4CEB-8E94-80611FA81868}.Release|Any CPU.ActiveCfg = Release|Any CPU
		{D75F42D7-E0CF-4CEB-8E94-80611FA81868}.Release|Any CPU.Build.0 = Release|Any CPU
		{3CD01797-9179-4CBA-BBDF-DF2BB9E6AA99}.Debug|Any CPU.ActiveCfg = Debug|Any CPU
		{3CD01797-9179-4CBA-BBDF-DF2BB9E6AA99}.Debug|Any CPU.Build.0 = Debug|Any CPU
		{3CD01797-9179-4CBA-BBDF-DF2BB9E6AA99}.Release|Any CPU.ActiveCfg = Release|Any CPU
		{3CD01797-9179-4CBA-BBDF-DF2BB9E6AA99}.Release|Any CPU.Build.0 = Release|Any CPU
		{8611DACD-C82F-4B81-A332-A0392F9A1148}.Debug|Any CPU.ActiveCfg = Debug|Any CPU
		{8611DACD-C82F-4B81-A332-A0392F9A1148}.Debug|Any CPU.Build.0 = Debug|Any CPU
		{8611DACD-C82F-4B81-A332-A0392F9A1148}.Release|Any CPU.ActiveCfg = Release|Any CPU
		{8611DACD-C82F-4B81-A332-A0392F9A1148}.Release|Any CPU.Build.0 = Release|Any CPU
		{A2BC6DF8-6165-426D-84B5-5783D0A63377}.Debug|Any CPU.ActiveCfg = Debug|Any CPU
		{A2BC6DF8-6165-426D-84B5-5783D0A63377}.Debug|Any CPU.Build.0 = Debug|Any CPU
		{A2BC6DF8-6165-426D-84B5-5783D0A63377}.Release|Any CPU.ActiveCfg = Release|Any CPU
		{A2BC6DF8-6165-426D-84B5-5783D0A63377}.Release|Any CPU.Build.0 = Release|Any CPU
		{519A35B8-EF39-4E69-B264-4CB5B37B8E10}.Debug|Any CPU.ActiveCfg = Debug|Any CPU
		{519A35B8-EF39-4E69-B264-4CB5B37B8E10}.Debug|Any CPU.Build.0 = Debug|Any CPU
		{519A35B8-EF39-4E69-B264-4CB5B37B8E10}.Release|Any CPU.ActiveCfg = Release|Any CPU
		{519A35B8-EF39-4E69-B264-4CB5B37B8E10}.Release|Any CPU.Build.0 = Release|Any CPU
		{F2F0CDAC-75AE-4FF9-BB1A-AEFAC0C8DD5E}.Debug|Any CPU.ActiveCfg = Debug|Any CPU
		{F2F0CDAC-75AE-4FF9-BB1A-AEFAC0C8DD5E}.Debug|Any CPU.Build.0 = Debug|Any CPU
		{F2F0CDAC-75AE-4FF9-BB1A-AEFAC0C8DD5E}.Release|Any CPU.ActiveCfg = Release|Any CPU
		{F2F0CDAC-75AE-4FF9-BB1A-AEFAC0C8DD5E}.Release|Any CPU.Build.0 = Release|Any CPU
		{3E0020F6-02C5-45EE-A125-F0F7342C9B3F}.Debug|Any CPU.ActiveCfg = Debug|Any CPU
		{3E0020F6-02C5-45EE-A125-F0F7342C9B3F}.Debug|Any CPU.Build.0 = Debug|Any CPU
		{3E0020F6-02C5-45EE-A125-F0F7342C9B3F}.Release|Any CPU.ActiveCfg = Release|Any CPU
		{3E0020F6-02C5-45EE-A125-F0F7342C9B3F}.Release|Any CPU.Build.0 = Release|Any CPU
		{CB126404-9774-4C78-98A3-A67915D2329B}.Debug|Any CPU.ActiveCfg = Debug|Any CPU
		{CB126404-9774-4C78-98A3-A67915D2329B}.Debug|Any CPU.Build.0 = Debug|Any CPU
		{CB126404-9774-4C78-98A3-A67915D2329B}.Release|Any CPU.ActiveCfg = Release|Any CPU
		{CB126404-9774-4C78-98A3-A67915D2329B}.Release|Any CPU.Build.0 = Release|Any CPU
		{53EAC327-9B4A-427C-8360-256E969EF036}.Debug|Any CPU.ActiveCfg = Debug|Any CPU
		{53EAC327-9B4A-427C-8360-256E969EF036}.Debug|Any CPU.Build.0 = Debug|Any CPU
		{53EAC327-9B4A-427C-8360-256E969EF036}.Release|Any CPU.ActiveCfg = Release|Any CPU
		{53EAC327-9B4A-427C-8360-256E969EF036}.Release|Any CPU.Build.0 = Release|Any CPU
		{5CBB796C-3971-4329-9A9A-6BE1F2792608}.Debug|Any CPU.ActiveCfg = Debug|Any CPU
		{5CBB796C-3971-4329-9A9A-6BE1F2792608}.Debug|Any CPU.Build.0 = Debug|Any CPU
		{5CBB796C-3971-4329-9A9A-6BE1F2792608}.Release|Any CPU.ActiveCfg = Release|Any CPU
		{5CBB796C-3971-4329-9A9A-6BE1F2792608}.Release|Any CPU.Build.0 = Release|Any CPU
		{B20762DE-63C0-49CE-AFCC-65CC2C39AD20}.Debug|Any CPU.ActiveCfg = Debug|Any CPU
		{B20762DE-63C0-49CE-AFCC-65CC2C39AD20}.Debug|Any CPU.Build.0 = Debug|Any CPU
		{B20762DE-63C0-49CE-AFCC-65CC2C39AD20}.Release|Any CPU.ActiveCfg = Release|Any CPU
		{B20762DE-63C0-49CE-AFCC-65CC2C39AD20}.Release|Any CPU.Build.0 = Release|Any CPU
		{701BD1F6-EA26-4F41-B077-4428407BBA40}.Debug|Any CPU.ActiveCfg = Debug|Any CPU
		{701BD1F6-EA26-4F41-B077-4428407BBA40}.Debug|Any CPU.Build.0 = Debug|Any CPU
		{701BD1F6-EA26-4F41-B077-4428407BBA40}.Release|Any CPU.ActiveCfg = Release|Any CPU
		{701BD1F6-EA26-4F41-B077-4428407BBA40}.Release|Any CPU.Build.0 = Release|Any CPU
		{C9A013E8-97B1-470E-A30F-1634DD8F4DEB}.Debug|Any CPU.ActiveCfg = Debug|Any CPU
		{C9A013E8-97B1-470E-A30F-1634DD8F4DEB}.Debug|Any CPU.Build.0 = Debug|Any CPU
		{C9A013E8-97B1-470E-A30F-1634DD8F4DEB}.Release|Any CPU.ActiveCfg = Release|Any CPU
		{C9A013E8-97B1-470E-A30F-1634DD8F4DEB}.Release|Any CPU.Build.0 = Release|Any CPU
		{243A070F-F038-4072-9C3F-240C2D4C4C85}.Debug|Any CPU.ActiveCfg = Debug|Any CPU
		{243A070F-F038-4072-9C3F-240C2D4C4C85}.Debug|Any CPU.Build.0 = Debug|Any CPU
		{243A070F-F038-4072-9C3F-240C2D4C4C85}.Release|Any CPU.ActiveCfg = Release|Any CPU
		{243A070F-F038-4072-9C3F-240C2D4C4C85}.Release|Any CPU.Build.0 = Release|Any CPU
		{A48FB407-91B1-4FC5-A2E0-C45517842EB2}.Debug|Any CPU.ActiveCfg = Debug|Any CPU
		{A48FB407-91B1-4FC5-A2E0-C45517842EB2}.Debug|Any CPU.Build.0 = Debug|Any CPU
		{A48FB407-91B1-4FC5-A2E0-C45517842EB2}.Release|Any CPU.ActiveCfg = Release|Any CPU
		{A48FB407-91B1-4FC5-A2E0-C45517842EB2}.Release|Any CPU.Build.0 = Release|Any CPU
		{C897CD50-F692-4B7A-894F-495367A878FC}.Debug|Any CPU.ActiveCfg = Debug|Any CPU
		{C897CD50-F692-4B7A-894F-495367A878FC}.Debug|Any CPU.Build.0 = Debug|Any CPU
		{C897CD50-F692-4B7A-894F-495367A878FC}.Release|Any CPU.ActiveCfg = Release|Any CPU
		{C897CD50-F692-4B7A-894F-495367A878FC}.Release|Any CPU.Build.0 = Release|Any CPU
		{FACD5548-501D-4E29-8932-6110D10222E4}.Debug|Any CPU.ActiveCfg = Debug|Any CPU
		{FACD5548-501D-4E29-8932-6110D10222E4}.Debug|Any CPU.Build.0 = Debug|Any CPU
		{FACD5548-501D-4E29-8932-6110D10222E4}.Release|Any CPU.ActiveCfg = Release|Any CPU
		{FACD5548-501D-4E29-8932-6110D10222E4}.Release|Any CPU.Build.0 = Release|Any CPU
		{1A967022-7558-41A8-B6F9-598ABC41114F}.Debug|Any CPU.ActiveCfg = Debug|Any CPU
		{1A967022-7558-41A8-B6F9-598ABC41114F}.Debug|Any CPU.Build.0 = Debug|Any CPU
		{1A967022-7558-41A8-B6F9-598ABC41114F}.Release|Any CPU.ActiveCfg = Release|Any CPU
		{1A967022-7558-41A8-B6F9-598ABC41114F}.Release|Any CPU.Build.0 = Release|Any CPU
		{3C8CFE66-B177-4643-AFA1-432DC681BC1E}.Debug|Any CPU.ActiveCfg = Debug|Any CPU
		{3C8CFE66-B177-4643-AFA1-432DC681BC1E}.Debug|Any CPU.Build.0 = Debug|Any CPU
		{3C8CFE66-B177-4643-AFA1-432DC681BC1E}.Release|Any CPU.ActiveCfg = Release|Any CPU
		{3C8CFE66-B177-4643-AFA1-432DC681BC1E}.Release|Any CPU.Build.0 = Release|Any CPU
	EndGlobalSection
	GlobalSection(SolutionProperties) = preSolution
		HideSolutionNode = FALSE
	EndGlobalSection
	GlobalSection(NestedProjects) = preSolution
		{D75F42D7-E0CF-4CEB-8E94-80611FA81868} = {9BD50919-76C1-424C-BD98-F870E6DE8903}
		{3CD01797-9179-4CBA-BBDF-DF2BB9E6AA99} = {9BD50919-76C1-424C-BD98-F870E6DE8903}
		{8611DACD-C82F-4B81-A332-A0392F9A1148} = {E3A2F609-5E85-4740-8899-6A2B777BE31B}
		{A2BC6DF8-6165-426D-84B5-5783D0A63377} = {E3A2F609-5E85-4740-8899-6A2B777BE31B}
		{519A35B8-EF39-4E69-B264-4CB5B37B8E10} = {E3A2F609-5E85-4740-8899-6A2B777BE31B}
		{BB24DD82-0FB1-430A-919D-3D101EF24AA0} = {9DA2C1B8-6509-4008-81D7-62B319B8E1ED}
		{F2F0CDAC-75AE-4FF9-BB1A-AEFAC0C8DD5E} = {BB24DD82-0FB1-430A-919D-3D101EF24AA0}
		{EDC7897D-1BC2-43A9-9DF3-677AA321ADF1} = {9DA2C1B8-6509-4008-81D7-62B319B8E1ED}
		{3E0020F6-02C5-45EE-A125-F0F7342C9B3F} = {EDC7897D-1BC2-43A9-9DF3-677AA321ADF1}
		{CB126404-9774-4C78-98A3-A67915D2329B} = {EDC7897D-1BC2-43A9-9DF3-677AA321ADF1}
		{2AC8D527-81F2-4A3B-A88B-7AE8891344FD} = {9DA2C1B8-6509-4008-81D7-62B319B8E1ED}
		{8F39B8A3-3428-4CD0-B73B-D1FD6C03B6DB} = {9DA2C1B8-6509-4008-81D7-62B319B8E1ED}
		{53EAC327-9B4A-427C-8360-256E969EF036} = {2AC8D527-81F2-4A3B-A88B-7AE8891344FD}
		{5CBB796C-3971-4329-9A9A-6BE1F2792608} = {3DFDF6F0-385E-4002-8FBC-4D104823C6DF}
		{3DFDF6F0-385E-4002-8FBC-4D104823C6DF} = {8F39B8A3-3428-4CD0-B73B-D1FD6C03B6DB}
		{B4CB05DC-3904-4759-B297-B7AE77A98B15} = {8F39B8A3-3428-4CD0-B73B-D1FD6C03B6DB}
		{F5CD33F2-9094-443E-9556-C47305B775FA} = {8F39B8A3-3428-4CD0-B73B-D1FD6C03B6DB}
		{B20762DE-63C0-49CE-AFCC-65CC2C39AD20} = {F5CD33F2-9094-443E-9556-C47305B775FA}
		{701BD1F6-EA26-4F41-B077-4428407BBA40} = {F5CD33F2-9094-443E-9556-C47305B775FA}
		{C9A013E8-97B1-470E-A30F-1634DD8F4DEB} = {B4CB05DC-3904-4759-B297-B7AE77A98B15}
		{243A070F-F038-4072-9C3F-240C2D4C4C85} = {9BD50919-76C1-424C-BD98-F870E6DE8903}
		{A48FB407-91B1-4FC5-A2E0-C45517842EB2} = {E3A2F609-5E85-4740-8899-6A2B777BE31B}
		{C897CD50-F692-4B7A-894F-495367A878FC} = {9BD50919-76C1-424C-BD98-F870E6DE8903}
		{FACD5548-501D-4E29-8932-6110D10222E4} = {E3A2F609-5E85-4740-8899-6A2B777BE31B}
		{1A967022-7558-41A8-B6F9-598ABC41114F} = {9BD50919-76C1-424C-BD98-F870E6DE8903}
		{3C8CFE66-B177-4643-AFA1-432DC681BC1E} = {E3A2F609-5E85-4740-8899-6A2B777BE31B}
	EndGlobalSection
	GlobalSection(ExtensibilityGlobals) = postSolution
		SolutionGuid = {FB18F489-0BCB-4389-AE92-18E7DBEA4818}
	EndGlobalSection
EndGlobal
