
Microsoft Visual Studio Solution File, Format Version 12.00
# Visual Studio Version 17
VisualStudioVersion = 17.1.31911.260
MinimumVisualStudioVersion = 10.0.40219.1
Project("{2150E333-8FDC-42A3-9474-1A3956D46DE8}") = "src", "src", "{9BD50919-76C1-424C-BD98-F870E6DE8903}"
EndProject
Project("{2150E333-8FDC-42A3-9474-1A3956D46DE8}") = "test", "test", "{E3A2F609-5E85-4740-8899-6A2B777BE31B}"
EndProject
Project("{2150E333-8FDC-42A3-9474-1A3956D46DE8}") = "build", "build", "{1A8779C7-3B84-405C-86D7-F000E5EA9AD8}"
	ProjectSection(SolutionItems) = preProject
		build\props\Package.props = build\props\Package.props
		build\props\PackageLicense.props = build\props\PackageLicense.props
		build\props\Test.props = build\props\Test.props
	EndProjectSection
EndProject
Project("{9A19103F-16F7-4668-BE54-9A1E7A4F7556}") = "PerpetualIntelligence.Terminal", "src\PerpetualIntelligence.Terminal\PerpetualIntelligence.Terminal.csproj", "{D082F288-B305-4534-BC5E-449D5A5040C1}"
EndProject
Project("{9A19103F-16F7-4668-BE54-9A1E7A4F7556}") = "PerpetualIntelligence.Terminal.Test", "test\PerpetualIntelligence.Terminal.Test\PerpetualIntelligence.Terminal.Test.csproj", "{75712B5A-21EB-4902-B014-E2EF705BF7B4}"
EndProject
Project("{9A19103F-16F7-4668-BE54-9A1E7A4F7556}") = "PerpetualIntelligence.Terminal.Authentication.Tests", "test\PerpetualIntelligence.Terminal.Authentication.Tests\PerpetualIntelligence.Terminal.Authentication.Tests.csproj", "{8E10E27F-9C1D-4FFF-9222-91A1433DF48E}"
EndProject
Project("{9A19103F-16F7-4668-BE54-9A1E7A4F7556}") = "PerpetualIntelligence.Terminal.Authentication", "src\PerpetualIntelligence.Terminal.Authentication\PerpetualIntelligence.Terminal.Authentication.csproj", "{CF8835AE-4D5D-48E6-90E1-356EB9FB69A5}"
EndProject
Global
	GlobalSection(SolutionConfigurationPlatforms) = preSolution
		Debug|Any CPU = Debug|Any CPU
		Release|Any CPU = Release|Any CPU
	EndGlobalSection
	GlobalSection(ProjectConfigurationPlatforms) = postSolution
		{D082F288-B305-4534-BC5E-449D5A5040C1}.Debug|Any CPU.ActiveCfg = Debug|Any CPU
		{D082F288-B305-4534-BC5E-449D5A5040C1}.Debug|Any CPU.Build.0 = Debug|Any CPU
		{D082F288-B305-4534-BC5E-449D5A5040C1}.Release|Any CPU.ActiveCfg = Release|Any CPU
		{D082F288-B305-4534-BC5E-449D5A5040C1}.Release|Any CPU.Build.0 = Release|Any CPU
		{75712B5A-21EB-4902-B014-E2EF705BF7B4}.Debug|Any CPU.ActiveCfg = Debug|Any CPU
		{75712B5A-21EB-4902-B014-E2EF705BF7B4}.Debug|Any CPU.Build.0 = Debug|Any CPU
		{75712B5A-21EB-4902-B014-E2EF705BF7B4}.Release|Any CPU.ActiveCfg = Release|Any CPU
		{75712B5A-21EB-4902-B014-E2EF705BF7B4}.Release|Any CPU.Build.0 = Release|Any CPU
		{8E10E27F-9C1D-4FFF-9222-91A1433DF48E}.Debug|Any CPU.ActiveCfg = Debug|Any CPU
		{8E10E27F-9C1D-4FFF-9222-91A1433DF48E}.Debug|Any CPU.Build.0 = Debug|Any CPU
		{8E10E27F-9C1D-4FFF-9222-91A1433DF48E}.Release|Any CPU.ActiveCfg = Release|Any CPU
		{8E10E27F-9C1D-4FFF-9222-91A1433DF48E}.Release|Any CPU.Build.0 = Release|Any CPU
		{CF8835AE-4D5D-48E6-90E1-356EB9FB69A5}.Debug|Any CPU.ActiveCfg = Debug|Any CPU
		{CF8835AE-4D5D-48E6-90E1-356EB9FB69A5}.Debug|Any CPU.Build.0 = Debug|Any CPU
		{CF8835AE-4D5D-48E6-90E1-356EB9FB69A5}.Release|Any CPU.ActiveCfg = Release|Any CPU
		{CF8835AE-4D5D-48E6-90E1-356EB9FB69A5}.Release|Any CPU.Build.0 = Release|Any CPU
	EndGlobalSection
	GlobalSection(SolutionProperties) = preSolution
		HideSolutionNode = FALSE
	EndGlobalSection
	GlobalSection(NestedProjects) = preSolution
		{D082F288-B305-4534-BC5E-449D5A5040C1} = {9BD50919-76C1-424C-BD98-F870E6DE8903}
		{75712B5A-21EB-4902-B014-E2EF705BF7B4} = {E3A2F609-5E85-4740-8899-6A2B777BE31B}
		{8E10E27F-9C1D-4FFF-9222-91A1433DF48E} = {E3A2F609-5E85-4740-8899-6A2B777BE31B}
		{CF8835AE-4D5D-48E6-90E1-356EB9FB69A5} = {9BD50919-76C1-424C-BD98-F870E6DE8903}
	EndGlobalSection
	GlobalSection(ExtensibilityGlobals) = postSolution
		SolutionGuid = {FB18F489-0BCB-4389-AE92-18E7DBEA4818}
	EndGlobalSection
EndGlobal
