
Microsoft Visual Studio Solution File, Format Version 12.00
# Visual Studio Version 17
VisualStudioVersion = 17.1.31911.260
MinimumVisualStudioVersion = 10.0.40219.1
Project("{2150E333-8FDC-42A3-9474-1A3956D46DE8}") = "src", "src", "{9BD50919-76C1-424C-BD98-F870E6DE8903}"
EndProject
Project("{2150E333-8FDC-42A3-9474-1A3956D46DE8}") = "test", "test", "{E3A2F609-5E85-4740-8899-6A2B777BE31B}"
EndProject
Project("{2150E333-8FDC-42A3-9474-1A3956D46DE8}") = "build", "build", "{1A8779C7-3B84-405C-86D7-F000E5EA9AD8}"
EndProject
Project("{2150E333-8FDC-42A3-9474-1A3956D46DE8}") = "tools", "tools", "{2D8A578B-80A1-43D0-B102-A2F74ACAD461}"
	ProjectSection(SolutionItems) = preProject
		build\tools\commands.txt = build\tools\commands.txt
		build\tools\omap.json = build\tools\omap.json
	EndProjectSection
EndProject
Project("{9A19103F-16F7-4668-BE54-9A1E7A4F7556}") = "PerpetualIntelligence.Cli", "src\PerpetualIntelligence.Cli\PerpetualIntelligence.Cli.csproj", "{F6DADEF3-E913-49CB-ADC4-EB177535BA68}"
EndProject
Project("{9A19103F-16F7-4668-BE54-9A1E7A4F7556}") = "PerpetualIntelligence.Cli.Test", "test\PerpetualIntelligence.Cli.Test\PerpetualIntelligence.Cli.Test.csproj", "{041FD485-C19C-4207-86F1-98802F048900}"
EndProject
Project("{9A19103F-16F7-4668-BE54-9A1E7A4F7556}") = "PerpetualIntelligence.Cli.OneImlx", "src\PerpetualIntelligence.Cli.OneImlx\PerpetualIntelligence.Cli.OneImlx.csproj", "{5CBF9774-8D55-4136-91A7-82FFED413D36}"
EndProject
Global
	GlobalSection(SolutionConfigurationPlatforms) = preSolution
		Debug|Any CPU = Debug|Any CPU
		Release|Any CPU = Release|Any CPU
	EndGlobalSection
	GlobalSection(ProjectConfigurationPlatforms) = postSolution
		{F6DADEF3-E913-49CB-ADC4-EB177535BA68}.Debug|Any CPU.ActiveCfg = Debug|Any CPU
		{F6DADEF3-E913-49CB-ADC4-EB177535BA68}.Debug|Any CPU.Build.0 = Debug|Any CPU
		{F6DADEF3-E913-49CB-ADC4-EB177535BA68}.Release|Any CPU.ActiveCfg = Release|Any CPU
		{F6DADEF3-E913-49CB-ADC4-EB177535BA68}.Release|Any CPU.Build.0 = Release|Any CPU
		{041FD485-C19C-4207-86F1-98802F048900}.Debug|Any CPU.ActiveCfg = Debug|Any CPU
		{041FD485-C19C-4207-86F1-98802F048900}.Debug|Any CPU.Build.0 = Debug|Any CPU
		{041FD485-C19C-4207-86F1-98802F048900}.Release|Any CPU.ActiveCfg = Release|Any CPU
		{041FD485-C19C-4207-86F1-98802F048900}.Release|Any CPU.Build.0 = Release|Any CPU
		{5CBF9774-8D55-4136-91A7-82FFED413D36}.Debug|Any CPU.ActiveCfg = Debug|Any CPU
		{5CBF9774-8D55-4136-91A7-82FFED413D36}.Debug|Any CPU.Build.0 = Debug|Any CPU
		{5CBF9774-8D55-4136-91A7-82FFED413D36}.Release|Any CPU.ActiveCfg = Release|Any CPU
		{5CBF9774-8D55-4136-91A7-82FFED413D36}.Release|Any CPU.Build.0 = Release|Any CPU
	EndGlobalSection
	GlobalSection(SolutionProperties) = preSolution
		HideSolutionNode = FALSE
	EndGlobalSection
	GlobalSection(NestedProjects) = preSolution
		{2D8A578B-80A1-43D0-B102-A2F74ACAD461} = {1A8779C7-3B84-405C-86D7-F000E5EA9AD8}
		{F6DADEF3-E913-49CB-ADC4-EB177535BA68} = {9BD50919-76C1-424C-BD98-F870E6DE8903}
		{041FD485-C19C-4207-86F1-98802F048900} = {E3A2F609-5E85-4740-8899-6A2B777BE31B}
		{5CBF9774-8D55-4136-91A7-82FFED413D36} = {9BD50919-76C1-424C-BD98-F870E6DE8903}
	EndGlobalSection
	GlobalSection(ExtensibilityGlobals) = postSolution
		SolutionGuid = {FB18F489-0BCB-4389-AE92-18E7DBEA4818}
	EndGlobalSection
EndGlobal
