
Microsoft Visual Studio Solution File, Format Version 12.00
# Visual Studio Version 17
VisualStudioVersion = 17.1.31911.260
MinimumVisualStudioVersion = 10.0.40219.1
Project("{2150E333-8FDC-42A3-9474-1A3956D46DE8}") = "src", "src", "{9BD50919-76C1-424C-BD98-F870E6DE8903}"
EndProject
Project("{2150E333-8FDC-42A3-9474-1A3956D46DE8}") = "test", "test", "{E3A2F609-5E85-4740-8899-6A2B777BE31B}"
EndProject
Project("{2150E333-8FDC-42A3-9474-1A3956D46DE8}") = "build", "build", "{1A8779C7-3B84-405C-86D7-F000E5EA9AD8}"
	ProjectSection(SolutionItems) = preProject
		CHANGE_LOG.md = CHANGE_LOG.md
		build\props\Package.props = build\props\Package.props
		.github\package_version.env = .github\package_version.env
		build\props\Test.props = build\props\Test.props
	EndProjectSection
EndProject
Project("{9A19103F-16F7-4668-BE54-9A1E7A4F7556}") = "Terminal", "src\PerpetualIntelligence.Terminal\Terminal.csproj", "{D082F288-B305-4534-BC5E-449D5A5040C1}"
EndProject
Project("{9A19103F-16F7-4668-BE54-9A1E7A4F7556}") = "Terminal.Tests", "test\PerpetualIntelligence.Terminal.Test\Terminal.Tests.csproj", "{75712B5A-21EB-4902-B014-E2EF705BF7B4}"
EndProject
Project("{9A19103F-16F7-4668-BE54-9A1E7A4F7556}") = "Terminal.Authentication", "src\PerpetualIntelligence.Terminal.Authentication\Terminal.Authentication.csproj", "{D6A4C366-D099-4CED-85EC-DC5C822E608D}"
EndProject
Project("{9A19103F-16F7-4668-BE54-9A1E7A4F7556}") = "Terminal.Authentication.Tests", "test\PerpetualIntelligence.Terminal.Authentication.Tests\Terminal.Authentication.Tests.csproj", "{A0CA2B69-0750-4BD5-8A35-B86274310004}"
EndProject
Project("{9A19103F-16F7-4668-BE54-9A1E7A4F7556}") = "Terminal.DependentAssembly", "test\Terminal.DependentAssembly\Terminal.DependentAssembly.csproj", "{7C076C9D-7E18-41F2-9D1C-2B2B108BE03E}"
EndProject
Global
	GlobalSection(SolutionConfigurationPlatforms) = preSolution
		Debug|Any CPU = Debug|Any CPU
		Release|Any CPU = Release|Any CPU
	EndGlobalSection
	GlobalSection(ProjectConfigurationPlatforms) = postSolution
		{D082F288-B305-4534-BC5E-449D5A5040C1}.Debug|Any CPU.ActiveCfg = Debug|Any CPU
		{D082F288-B305-4534-BC5E-449D5A5040C1}.Debug|Any CPU.Build.0 = Debug|Any CPU
		{D082F288-B305-4534-BC5E-449D5A5040C1}.Release|Any CPU.ActiveCfg = Release|Any CPU
		{D082F288-B305-4534-BC5E-449D5A5040C1}.Release|Any CPU.Build.0 = Release|Any CPU
		{75712B5A-21EB-4902-B014-E2EF705BF7B4}.Debug|Any CPU.ActiveCfg = Debug|Any CPU
		{75712B5A-21EB-4902-B014-E2EF705BF7B4}.Debug|Any CPU.Build.0 = Debug|Any CPU
		{75712B5A-21EB-4902-B014-E2EF705BF7B4}.Release|Any CPU.ActiveCfg = Release|Any CPU
		{75712B5A-21EB-4902-B014-E2EF705BF7B4}.Release|Any CPU.Build.0 = Release|Any CPU
		{D6A4C366-D099-4CED-85EC-DC5C822E608D}.Debug|Any CPU.ActiveCfg = Debug|Any CPU
		{D6A4C366-D099-4CED-85EC-DC5C822E608D}.Debug|Any CPU.Build.0 = Debug|Any CPU
		{D6A4C366-D099-4CED-85EC-DC5C822E608D}.Release|Any CPU.ActiveCfg = Release|Any CPU
		{D6A4C366-D099-4CED-85EC-DC5C822E608D}.Release|Any CPU.Build.0 = Release|Any CPU
		{A0CA2B69-0750-4BD5-8A35-B86274310004}.Debug|Any CPU.ActiveCfg = Debug|Any CPU
		{A0CA2B69-0750-4BD5-8A35-B86274310004}.Debug|Any CPU.Build.0 = Debug|Any CPU
		{A0CA2B69-0750-4BD5-8A35-B86274310004}.Release|Any CPU.ActiveCfg = Release|Any CPU
		{A0CA2B69-0750-4BD5-8A35-B86274310004}.Release|Any CPU.Build.0 = Release|Any CPU
		{7C076C9D-7E18-41F2-9D1C-2B2B108BE03E}.Debug|Any CPU.ActiveCfg = Debug|Any CPU
		{7C076C9D-7E18-41F2-9D1C-2B2B108BE03E}.Debug|Any CPU.Build.0 = Debug|Any CPU
		{7C076C9D-7E18-41F2-9D1C-2B2B108BE03E}.Release|Any CPU.ActiveCfg = Release|Any CPU
		{7C076C9D-7E18-41F2-9D1C-2B2B108BE03E}.Release|Any CPU.Build.0 = Release|Any CPU
	EndGlobalSection
	GlobalSection(SolutionProperties) = preSolution
		HideSolutionNode = FALSE
	EndGlobalSection
	GlobalSection(NestedProjects) = preSolution
		{D082F288-B305-4534-BC5E-449D5A5040C1} = {9BD50919-76C1-424C-BD98-F870E6DE8903}
		{75712B5A-21EB-4902-B014-E2EF705BF7B4} = {E3A2F609-5E85-4740-8899-6A2B777BE31B}
		{D6A4C366-D099-4CED-85EC-DC5C822E608D} = {9BD50919-76C1-424C-BD98-F870E6DE8903}
		{A0CA2B69-0750-4BD5-8A35-B86274310004} = {E3A2F609-5E85-4740-8899-6A2B777BE31B}
		{7C076C9D-7E18-41F2-9D1C-2B2B108BE03E} = {E3A2F609-5E85-4740-8899-6A2B777BE31B}
	EndGlobalSection
	GlobalSection(ExtensibilityGlobals) = postSolution
		SolutionGuid = {FB18F489-0BCB-4389-AE92-18E7DBEA4818}
	EndGlobalSection
EndGlobal
